
Microsoft Visual Studio Solution File, Format Version 12.00
# Visual Studio Version 17
VisualStudioVersion = 17.6.33829.357
MinimumVisualStudioVersion = 10.0.40219.1
Project("{FAE04EC0-301F-11D3-BF4B-00C04F79EFBC}") = "MainApp", "MainApp\MainApp.csproj", "{A8B36235-E766-40E2-8AA2-4B5255CC9EE0}"
EndProject
Global
	GlobalSection(SolutionConfigurationPlatforms) = preSolution
		Debug|Any CPU = Debug|Any CPU
		Release|Any CPU = Release|Any CPU
	EndGlobalSection
	GlobalSection(ProjectConfigurationPlatforms) = postSolution
		{A8B36235-E766-40E2-8AA2-4B5255CC9EE0}.Debug|Any CPU.ActiveCfg = Debug|Any CPU
		{A8B36235-E766-40E2-8AA2-4B5255CC9EE0}.Debug|Any CPU.Build.0 = Debug|Any CPU
		{A8B36235-E766-40E2-8AA2-4B5255CC9EE0}.Release|Any CPU.ActiveCfg = Release|Any CPU
		{A8B36235-E766-40E2-8AA2-4B5255CC9EE0}.Release|Any CPU.Build.0 = Release|Any CPU
	EndGlobalSection
	GlobalSection(SolutionProperties) = preSolution
		HideSolutionNode = FALSE
	EndGlobalSection
	GlobalSection(ExtensibilityGlobals) = postSolution
		SolutionGuid = {7D284ABB-7AD1-400C-8809-9F17B3B29D95}
	EndGlobalSection
EndGlobal
